{
  "name": "honkarogue",
  "version": "1.0.0",
  "lockfileVersion": 3,
  "requires": true,
  "packages": {
    "": {
      "name": "honkarogue",
      "version": "1.0.0",
      "dependencies": {
        "agent-bridge": "^0.6.2"
      }
    },
    "node_modules/agent-bridge": {
      "version": "0.6.2",
      "resolved": "https://registry.npmjs.org/agent-bridge/-/agent-bridge-0.6.2.tgz",
      "integrity": "sha512-VWLf6BzdMJjaOkHBzBTfjZjxeEMsPMbNuvDyBdbipk6847B5iF5cxlpDAWwTeTdtPCnZTZ2lSW7j9SbPPcqTMQ==",
      "license": "MIT",
      "bin": {
        "bridge": "scripts/read_session.cjs",
        "bridge-node": "scripts/read_session.cjs"
      },
      "engines": {
        "node": ">=18"
      }
    }
  }
}
